
Microsoft Visual Studio Solution File, Format Version 12.00
# Visual Studio Version 16
VisualStudioVersion = 16.0.30907.101
MinimumVisualStudioVersion = 10.0.40219.1
Project("{FAE04EC0-301F-11D3-BF4B-00C04F79EFBC}") = "lab_work№16", "lab_work№16.csproj", "{EA67E4C2-2747-4E59-839B-9AAE6F5B3449}"
EndProject
Global
	GlobalSection(SolutionConfigurationPlatforms) = preSolution
		Debug|Any CPU = Debug|Any CPU
		Release|Any CPU = Release|Any CPU
	EndGlobalSection
	GlobalSection(ProjectConfigurationPlatforms) = postSolution
		{EA67E4C2-2747-4E59-839B-9AAE6F5B3449}.Debug|Any CPU.ActiveCfg = Debug|Any CPU
		{EA67E4C2-2747-4E59-839B-9AAE6F5B3449}.Debug|Any CPU.Build.0 = Debug|Any CPU
		{EA67E4C2-2747-4E59-839B-9AAE6F5B3449}.Release|Any CPU.ActiveCfg = Release|Any CPU
		{EA67E4C2-2747-4E59-839B-9AAE6F5B3449}.Release|Any CPU.Build.0 = Release|Any CPU
	EndGlobalSection
	GlobalSection(SolutionProperties) = preSolution
		HideSolutionNode = FALSE
	EndGlobalSection
	GlobalSection(ExtensibilityGlobals) = postSolution
		SolutionGuid = {389D60E4-D7EA-4CBD-AC15-F217CC8ABC60}
	EndGlobalSection
EndGlobal
